<?xml version="1.0" encoding="UTF-8" standalone="yes" ?>
<CodeBlocks_project_file>
	<FileVersion major="1" minor="6" />
	<Project>
		<Option title="cbGit" />
		<Option pch_mode="2" />
		<Option compiler="gcc" />
		<Build>
			<Target title="default">
				<Option output="../../../devel30/share/codeblocks/plugins/cbGit" prefix_auto="1" extension_auto="1" />
				<Option working_dir="../../../devel30" />
				<Option object_output=".objs/to_codeblocks_wx30" />
				<Option type="3" />
				<Option compiler="gcc" />
				<Option parameters="--debug-log --multiple-instance --no-splash-screen --verbose -p debug --no-ipc " />
				<Option host_application="../../../devel30/codeblocks" />
				<Option run_host_application_in_terminal="0" />
				<Compiler>
					<Add option="`wx-config --cflags  --version=3.0`" />
					<Add option="-g" />
					<Add directory="../../../include" />
					<Add directory="../../../sdk/wxscintilla/include" />
					<Add directory="../../../include/tinyxml" />
				</Compiler>
				<Linker>
					<Add option="`wx-config --libs  --version=3.0`" />
					<Add library="codeblocks" />
					<Add directory="../../../devel30" />
				</Linker>
				<ExtraCommands>
					<Add after="zip -j9 ../../../devel30/share/codeblocks/cbGit.zip manifest.xml" />
					<Mode after="always" />
				</ExtraCommands>
			</Target>
		</Build>
		<VirtualTargets>
			<Add alias="All" targets="default;" />
		</VirtualTargets>
		<Compiler>
			<Add option="-fPIC" />
			<Add option="-std=c++11" />
			<Add directory="/home/marx/cppgit2/cppgit2/build/include" />
		</Compiler>
		<Linker>
			<Add option="-Wl,--no-undefined" />
			<Add library="cppgit2" />
			<Add library="libgit2" />
			<Add directory="/home/marx/cppgit2/cppgit2/build/lib" />
		</Linker>
		<Unit filename="cbGit.cpp" />
		<Unit filename="cbGit.h" />
		<Unit filename="cbGitStateScannerThread.cpp" />
		<Unit filename="cbGitStateScannerThread.h" />
		<Unit filename="manifest.xml" />
		<Extensions />
	</Project>
</CodeBlocks_project_file>
